
Microsoft Visual Studio Solution File, Format Version 12.00
# Visual Studio Version 17
VisualStudioVersion = 17.6.33723.286
MinimumVisualStudioVersion = 10.0.40219.1
Project("{FAE04EC0-301F-11D3-BF4B-00C04F79EFBC}") = "DIExample", "DIExample\DIExample.csproj", "{E91424C1-5A77-449F-ABB9-F8E0F6395E1B}"
EndProject
Global
	GlobalSection(SolutionConfigurationPlatforms) = preSolution
		Debug|Any CPU = Debug|Any CPU
		Release|Any CPU = Release|Any CPU
	EndGlobalSection
	GlobalSection(ProjectConfigurationPlatforms) = postSolution
		{E91424C1-5A77-449F-ABB9-F8E0F6395E1B}.Debug|Any CPU.ActiveCfg = Debug|Any CPU
		{E91424C1-5A77-449F-ABB9-F8E0F6395E1B}.Debug|Any CPU.Build.0 = Debug|Any CPU
		{E91424C1-5A77-449F-ABB9-F8E0F6395E1B}.Release|Any CPU.ActiveCfg = Release|Any CPU
		{E91424C1-5A77-449F-ABB9-F8E0F6395E1B}.Release|Any CPU.Build.0 = Release|Any CPU
	EndGlobalSection
	GlobalSection(SolutionProperties) = preSolution
		HideSolutionNode = FALSE
	EndGlobalSection
	GlobalSection(ExtensibilityGlobals) = postSolution
		SolutionGuid = {0FFE898F-7811-465C-A9E5-F6ED710D1F68}
	EndGlobalSection
EndGlobal
